
Microsoft Visual Studio Solution File, Format Version 12.00
# Visual Studio Version 17
VisualStudioVersion = 17.13.35818.85 d17.13
MinimumVisualStudioVersion = 10.0.40219.1
Project("{FAE04EC0-301F-11D3-BF4B-00C04F79EFBC}") = "test_git", "test_git\test_git.csproj", "{ACD5B848-F6AA-4D40-9C2D-BF93F8BE164C}"
EndProject
Global
	GlobalSection(SolutionConfigurationPlatforms) = preSolution
		Debug|Any CPU = Debug|Any CPU
		Release|Any CPU = Release|Any CPU
	EndGlobalSection
	GlobalSection(ProjectConfigurationPlatforms) = postSolution
		{ACD5B848-F6AA-4D40-9C2D-BF93F8BE164C}.Debug|Any CPU.ActiveCfg = Debug|Any CPU
		{ACD5B848-F6AA-4D40-9C2D-BF93F8BE164C}.Debug|Any CPU.Build.0 = Debug|Any CPU
		{ACD5B848-F6AA-4D40-9C2D-BF93F8BE164C}.Release|Any CPU.ActiveCfg = Release|Any CPU
		{ACD5B848-F6AA-4D40-9C2D-BF93F8BE164C}.Release|Any CPU.Build.0 = Release|Any CPU
	EndGlobalSection
	GlobalSection(SolutionProperties) = preSolution
		HideSolutionNode = FALSE
	EndGlobalSection
	GlobalSection(ExtensibilityGlobals) = postSolution
		SolutionGuid = {49ADA2E9-1756-49D0-ABE7-02FA461A7B4B}
	EndGlobalSection
EndGlobal
